
Microsoft Visual Studio Solution File, Format Version 12.00
# Visual Studio 15
VisualStudioVersion = 15.0.28010.2019
MinimumVisualStudioVersion = 10.0.40219.1
Project("{FAE04EC0-301F-11D3-BF4B-00C04F79EFBC}") = "IOexercise", "IOexercise\IOexercise.csproj", "{F36F85DD-AF5E-49C2-8C06-9CEE4CE790F9}"
EndProject
Global
	GlobalSection(SolutionConfigurationPlatforms) = preSolution
		Debug|Any CPU = Debug|Any CPU
		Release|Any CPU = Release|Any CPU
	EndGlobalSection
	GlobalSection(ProjectConfigurationPlatforms) = postSolution
		{F36F85DD-AF5E-49C2-8C06-9CEE4CE790F9}.Debug|Any CPU.ActiveCfg = Debug|Any CPU
		{F36F85DD-AF5E-49C2-8C06-9CEE4CE790F9}.Debug|Any CPU.Build.0 = Debug|Any CPU
		{F36F85DD-AF5E-49C2-8C06-9CEE4CE790F9}.Release|Any CPU.ActiveCfg = Release|Any CPU
		{F36F85DD-AF5E-49C2-8C06-9CEE4CE790F9}.Release|Any CPU.Build.0 = Release|Any CPU
	EndGlobalSection
	GlobalSection(SolutionProperties) = preSolution
		HideSolutionNode = FALSE
	EndGlobalSection
	GlobalSection(ExtensibilityGlobals) = postSolution
		SolutionGuid = {1DBD7E72-9C8E-42C1-B57E-28F6B4A1BA0F}
	EndGlobalSection
EndGlobal
