
Microsoft Visual Studio Solution File, Format Version 12.00
# Visual Studio 15
VisualStudioVersion = 15.0.28010.2019
MinimumVisualStudioVersion = 10.0.40219.1
Project("{FAE04EC0-301F-11D3-BF4B-00C04F79EFBC}") = "StudentName2", "StudentName2\StudentName2.csproj", "{CCB97F7E-2108-4836-B073-04B5C3FB285D}"
EndProject
Global
	GlobalSection(SolutionConfigurationPlatforms) = preSolution
		Debug|Any CPU = Debug|Any CPU
		Release|Any CPU = Release|Any CPU
	EndGlobalSection
	GlobalSection(ProjectConfigurationPlatforms) = postSolution
		{CCB97F7E-2108-4836-B073-04B5C3FB285D}.Debug|Any CPU.ActiveCfg = Debug|Any CPU
		{CCB97F7E-2108-4836-B073-04B5C3FB285D}.Debug|Any CPU.Build.0 = Debug|Any CPU
		{CCB97F7E-2108-4836-B073-04B5C3FB285D}.Release|Any CPU.ActiveCfg = Release|Any CPU
		{CCB97F7E-2108-4836-B073-04B5C3FB285D}.Release|Any CPU.Build.0 = Release|Any CPU
	EndGlobalSection
	GlobalSection(SolutionProperties) = preSolution
		HideSolutionNode = FALSE
	EndGlobalSection
	GlobalSection(ExtensibilityGlobals) = postSolution
		SolutionGuid = {F77452D3-DC96-4F27-98C1-D6EB47DE9E60}
	EndGlobalSection
EndGlobal
