
Microsoft Visual Studio Solution File, Format Version 12.00
# Visual Studio 15
VisualStudioVersion = 15.0.28010.2019
MinimumVisualStudioVersion = 10.0.40219.1
Project("{FAE04EC0-301F-11D3-BF4B-00C04F79EFBC}") = "TechAcadStudentMVC", "TechAcadStudentMVC\TechAcadStudentMVC.csproj", "{D925511B-B67A-4A61-8D12-4EAE4365471A}"
EndProject
Global
	GlobalSection(SolutionConfigurationPlatforms) = preSolution
		Debug|Any CPU = Debug|Any CPU
		Release|Any CPU = Release|Any CPU
	EndGlobalSection
	GlobalSection(ProjectConfigurationPlatforms) = postSolution
		{D925511B-B67A-4A61-8D12-4EAE4365471A}.Debug|Any CPU.ActiveCfg = Debug|Any CPU
		{D925511B-B67A-4A61-8D12-4EAE4365471A}.Debug|Any CPU.Build.0 = Debug|Any CPU
		{D925511B-B67A-4A61-8D12-4EAE4365471A}.Release|Any CPU.ActiveCfg = Release|Any CPU
		{D925511B-B67A-4A61-8D12-4EAE4365471A}.Release|Any CPU.Build.0 = Release|Any CPU
	EndGlobalSection
	GlobalSection(SolutionProperties) = preSolution
		HideSolutionNode = FALSE
	EndGlobalSection
	GlobalSection(ExtensibilityGlobals) = postSolution
		SolutionGuid = {68BA81F6-1ADC-46AA-BE6F-D34BFCBF7EEE}
	EndGlobalSection
EndGlobal
