
Microsoft Visual Studio Solution File, Format Version 12.00
# Visual Studio 15
VisualStudioVersion = 15.0.28010.2019
MinimumVisualStudioVersion = 10.0.40219.1
Project("{FAE04EC0-301F-11D3-BF4B-00C04F79EFBC}") = "StudentName", "StudentName\StudentName.csproj", "{6E95B837-271A-4DC6-B854-AAA0D1442E9A}"
EndProject
Global
	GlobalSection(SolutionConfigurationPlatforms) = preSolution
		Debug|Any CPU = Debug|Any CPU
		Release|Any CPU = Release|Any CPU
	EndGlobalSection
	GlobalSection(ProjectConfigurationPlatforms) = postSolution
		{6E95B837-271A-4DC6-B854-AAA0D1442E9A}.Debug|Any CPU.ActiveCfg = Debug|Any CPU
		{6E95B837-271A-4DC6-B854-AAA0D1442E9A}.Debug|Any CPU.Build.0 = Debug|Any CPU
		{6E95B837-271A-4DC6-B854-AAA0D1442E9A}.Release|Any CPU.ActiveCfg = Release|Any CPU
		{6E95B837-271A-4DC6-B854-AAA0D1442E9A}.Release|Any CPU.Build.0 = Release|Any CPU
	EndGlobalSection
	GlobalSection(SolutionProperties) = preSolution
		HideSolutionNode = FALSE
	EndGlobalSection
	GlobalSection(ExtensibilityGlobals) = postSolution
		SolutionGuid = {D4B67E66-B125-422D-85D7-F97F7E24A911}
	EndGlobalSection
EndGlobal
