
Microsoft Visual Studio Solution File, Format Version 12.00
# Visual Studio 15
VisualStudioVersion = 15.0.28010.2019
MinimumVisualStudioVersion = 10.0.40219.1
Project("{FAE04EC0-301F-11D3-BF4B-00C04F79EFBC}") = "Accounting", "Accounting\Accounting.csproj", "{612ED6CB-A53F-4F11-8B78-A0C5A8C26759}"
EndProject
Global
	GlobalSection(SolutionConfigurationPlatforms) = preSolution
		Debug|Any CPU = Debug|Any CPU
		Release|Any CPU = Release|Any CPU
	EndGlobalSection
	GlobalSection(ProjectConfigurationPlatforms) = postSolution
		{612ED6CB-A53F-4F11-8B78-A0C5A8C26759}.Debug|Any CPU.ActiveCfg = Debug|Any CPU
		{612ED6CB-A53F-4F11-8B78-A0C5A8C26759}.Debug|Any CPU.Build.0 = Debug|Any CPU
		{612ED6CB-A53F-4F11-8B78-A0C5A8C26759}.Release|Any CPU.ActiveCfg = Release|Any CPU
		{612ED6CB-A53F-4F11-8B78-A0C5A8C26759}.Release|Any CPU.Build.0 = Release|Any CPU
	EndGlobalSection
	GlobalSection(SolutionProperties) = preSolution
		HideSolutionNode = FALSE
	EndGlobalSection
	GlobalSection(ExtensibilityGlobals) = postSolution
		SolutionGuid = {959AE660-76E2-4147-8B9C-D0209DDBE4E0}
	EndGlobalSection
EndGlobal
