
Microsoft Visual Studio Solution File, Format Version 12.00
# Visual Studio 15
VisualStudioVersion = 15.0.28010.2019
MinimumVisualStudioVersion = 10.0.40219.1
Project("{FAE04EC0-301F-11D3-BF4B-00C04F79EFBC}") = "CodeFirstApp", "CodeFirstApp\CodeFirstApp.csproj", "{250E2BA1-F198-4E11-8FE8-726DA9A84A9C}"
EndProject
Global
	GlobalSection(SolutionConfigurationPlatforms) = preSolution
		Debug|Any CPU = Debug|Any CPU
		Release|Any CPU = Release|Any CPU
	EndGlobalSection
	GlobalSection(ProjectConfigurationPlatforms) = postSolution
		{250E2BA1-F198-4E11-8FE8-726DA9A84A9C}.Debug|Any CPU.ActiveCfg = Debug|Any CPU
		{250E2BA1-F198-4E11-8FE8-726DA9A84A9C}.Debug|Any CPU.Build.0 = Debug|Any CPU
		{250E2BA1-F198-4E11-8FE8-726DA9A84A9C}.Release|Any CPU.ActiveCfg = Release|Any CPU
		{250E2BA1-F198-4E11-8FE8-726DA9A84A9C}.Release|Any CPU.Build.0 = Release|Any CPU
	EndGlobalSection
	GlobalSection(SolutionProperties) = preSolution
		HideSolutionNode = FALSE
	EndGlobalSection
	GlobalSection(ExtensibilityGlobals) = postSolution
		SolutionGuid = {73CEC420-120E-4704-AEC7-706513FE94C3}
	EndGlobalSection
EndGlobal
