
Microsoft Visual Studio Solution File, Format Version 12.00
# Visual Studio 15
VisualStudioVersion = 15.0.28010.2019
MinimumVisualStudioVersion = 10.0.40219.1
Project("{FAE04EC0-301F-11D3-BF4B-00C04F79EFBC}") = "NewsletterAppMVC", "NewsletterAppMVC\NewsletterAppMVC.csproj", "{ACC45947-1F3B-4C7B-8802-79B3AC19B99F}"
EndProject
Global
	GlobalSection(SolutionConfigurationPlatforms) = preSolution
		Debug|Any CPU = Debug|Any CPU
		Release|Any CPU = Release|Any CPU
	EndGlobalSection
	GlobalSection(ProjectConfigurationPlatforms) = postSolution
		{ACC45947-1F3B-4C7B-8802-79B3AC19B99F}.Debug|Any CPU.ActiveCfg = Debug|Any CPU
		{ACC45947-1F3B-4C7B-8802-79B3AC19B99F}.Debug|Any CPU.Build.0 = Debug|Any CPU
		{ACC45947-1F3B-4C7B-8802-79B3AC19B99F}.Release|Any CPU.ActiveCfg = Release|Any CPU
		{ACC45947-1F3B-4C7B-8802-79B3AC19B99F}.Release|Any CPU.Build.0 = Release|Any CPU
	EndGlobalSection
	GlobalSection(SolutionProperties) = preSolution
		HideSolutionNode = FALSE
	EndGlobalSection
	GlobalSection(ExtensibilityGlobals) = postSolution
		SolutionGuid = {4F45115A-41EF-4690-9E07-916BBD3B1E8E}
	EndGlobalSection
EndGlobal
