
Microsoft Visual Studio Solution File, Format Version 12.00
# Visual Studio 15
VisualStudioVersion = 15.0.28010.2019
MinimumVisualStudioVersion = 10.0.40219.1
Project("{FAE04EC0-301F-11D3-BF4B-00C04F79EFBC}") = "ClassAndMethod1", "ClassAndMethod1\ClassAndMethod1.csproj", "{BBCA6301-DE5E-4648-80E9-3179B88F699A}"
EndProject
Global
	GlobalSection(SolutionConfigurationPlatforms) = preSolution
		Debug|Any CPU = Debug|Any CPU
		Release|Any CPU = Release|Any CPU
	EndGlobalSection
	GlobalSection(ProjectConfigurationPlatforms) = postSolution
		{BBCA6301-DE5E-4648-80E9-3179B88F699A}.Debug|Any CPU.ActiveCfg = Debug|Any CPU
		{BBCA6301-DE5E-4648-80E9-3179B88F699A}.Debug|Any CPU.Build.0 = Debug|Any CPU
		{BBCA6301-DE5E-4648-80E9-3179B88F699A}.Release|Any CPU.ActiveCfg = Release|Any CPU
		{BBCA6301-DE5E-4648-80E9-3179B88F699A}.Release|Any CPU.Build.0 = Release|Any CPU
	EndGlobalSection
	GlobalSection(SolutionProperties) = preSolution
		HideSolutionNode = FALSE
	EndGlobalSection
	GlobalSection(ExtensibilityGlobals) = postSolution
		SolutionGuid = {F141E3F9-2911-4E06-A3B2-2796011E9691}
	EndGlobalSection
EndGlobal
