
Microsoft Visual Studio Solution File, Format Version 12.00
# Visual Studio 15
VisualStudioVersion = 15.0.28010.2019
MinimumVisualStudioVersion = 10.0.40219.1
Project("{FAE04EC0-301F-11D3-BF4B-00C04F79EFBC}") = "ArrayAndList", "ArrayAndList\ArrayAndList.csproj", "{A603EEF1-CBAC-4065-8DFD-FA6F559BD605}"
EndProject
Global
	GlobalSection(SolutionConfigurationPlatforms) = preSolution
		Debug|Any CPU = Debug|Any CPU
		Release|Any CPU = Release|Any CPU
	EndGlobalSection
	GlobalSection(ProjectConfigurationPlatforms) = postSolution
		{A603EEF1-CBAC-4065-8DFD-FA6F559BD605}.Debug|Any CPU.ActiveCfg = Debug|Any CPU
		{A603EEF1-CBAC-4065-8DFD-FA6F559BD605}.Debug|Any CPU.Build.0 = Debug|Any CPU
		{A603EEF1-CBAC-4065-8DFD-FA6F559BD605}.Release|Any CPU.ActiveCfg = Release|Any CPU
		{A603EEF1-CBAC-4065-8DFD-FA6F559BD605}.Release|Any CPU.Build.0 = Release|Any CPU
	EndGlobalSection
	GlobalSection(SolutionProperties) = preSolution
		HideSolutionNode = FALSE
	EndGlobalSection
	GlobalSection(ExtensibilityGlobals) = postSolution
		SolutionGuid = {47868ECE-DB8A-4128-811B-FE316B8C9E44}
	EndGlobalSection
EndGlobal
