
Microsoft Visual Studio Solution File, Format Version 12.00
# Visual Studio 15
VisualStudioVersion = 15.0.28010.2019
MinimumVisualStudioVersion = 10.0.40219.1
Project("{FAE04EC0-301F-11D3-BF4B-00C04F79EFBC}") = "ClassAndMethod2", "ClassAndMethod2\ClassAndMethod2.csproj", "{D0914296-1356-43CC-A037-BA3269C57220}"
EndProject
Global
	GlobalSection(SolutionConfigurationPlatforms) = preSolution
		Debug|Any CPU = Debug|Any CPU
		Release|Any CPU = Release|Any CPU
	EndGlobalSection
	GlobalSection(ProjectConfigurationPlatforms) = postSolution
		{D0914296-1356-43CC-A037-BA3269C57220}.Debug|Any CPU.ActiveCfg = Debug|Any CPU
		{D0914296-1356-43CC-A037-BA3269C57220}.Debug|Any CPU.Build.0 = Debug|Any CPU
		{D0914296-1356-43CC-A037-BA3269C57220}.Release|Any CPU.ActiveCfg = Release|Any CPU
		{D0914296-1356-43CC-A037-BA3269C57220}.Release|Any CPU.Build.0 = Release|Any CPU
	EndGlobalSection
	GlobalSection(SolutionProperties) = preSolution
		HideSolutionNode = FALSE
	EndGlobalSection
	GlobalSection(ExtensibilityGlobals) = postSolution
		SolutionGuid = {AFB8510F-F9D8-43CB-9DC9-5B6ED9701C8C}
	EndGlobalSection
EndGlobal
